<?xml version="1.0" encoding="utf-8"?>
<Project ToolsVersion="4.0" xmlns="http://schemas.microsoft.com/developer/msbuild/2003">
  <ItemGroup>
    <Filter Include="..">
      <UniqueIdentifier>{61705900-4DFC-870B-B6AA-880BA255880B}</UniqueIdentifier>
    </Filter>
    <Filter Include="..\Libraries">
      <UniqueIdentifier>{0D91BBDD-F9F3-4A82-A279-83388EBB1605}</UniqueIdentifier>
    </Filter>
    <Filter Include="..\Libraries\include">
      <UniqueIdentifier>{80759BC9-6C04-2593-1523-398E01913539}</UniqueIdentifier>
    </Filter>
    <Filter Include="..\Libraries\include\GL">
      <UniqueIdentifier>{E2562A68-4E8E-72FF-5798-D622C34E99F8}</UniqueIdentifier>
    </Filter>
    <Filter Include="..\Libraries\include\GLFW">
      <UniqueIdentifier>{BFA01B1C-2B63-4FA6-7413-DE32E0142884}</UniqueIdentifier>
    </Filter>
    <Filter Include="..\Libraries\include\freetype">
      <UniqueIdentifier>{33A41861-9FBC-FF8A-6869-8F24D4409424}</UniqueIdentifier>
    </Filter>
    <Filter Include="..\Libraries\include\freetype\config">
      <UniqueIdentifier>{F81B8C84-E402-4E7C-8D53-B4997919C7E2}</UniqueIdentifier>
    </Filter>
    <Filter Include="..\Libraries\include\glm">
      <UniqueIdentifier>{CFBF756D-BBE4-C4ED-E42F-AA7DD0B3C30B}</UniqueIdentifier>
    </Filter>
    <Filter Include="..\Libraries\include\glm\detail">
      <UniqueIdentifier>{B1F87D51-1DDC-8C91-26DF-BACD924153E2}</UniqueIdentifier>
    </Filter>
    <Filter Include="..\Libraries\include\glm\simd">
      <UniqueIdentifier>{8B55548E-F76D-3BB8-C01A-CB512CF2CF51}</UniqueIdentifier>
    </Filter>
    <Filter Include="..\Libraries\include\obj">
      <UniqueIdentifier>{8AE0756D-7605-C5ED-9F50-AA7D8BD4C30B}</UniqueIdentifier>
    </Filter>
    <Filter Include="..\Libraries\include\stb">
      <UniqueIdentifier>{D8F3756D-C418-C5ED-ED63-AA7DD9E7C30B}</UniqueIdentifier>
    </Filter>
  </ItemGroup>
  <ItemGroup>
    <ClInclude Include="AABBCollider.h" />
    <ClInclude Include="Callbacks.h" />
    <ClInclude Include="Camera.h" />
    <ClInclude Include="Collider.h" />
    <ClInclude Include="Component.h" />
    <ClInclude Include="ConsoleLogging.h" />
    <ClInclude Include="Conversion.h" />
    <ClInclude Include="Defs.h" />
    <ClInclude Include="DirectionalLight.h" />
    <ClInclude Include="EMath.h" />
    <ClInclude Include="ETime.h" />
    <ClInclude Include="EUtil.h" />
    <ClInclude Include="ElementBuffer.h" />
    <ClInclude Include="Engine.h" />
    <ClInclude Include="EngineData.h" />
    <ClInclude Include="Event.h" />
    <ClInclude Include="GLErrors.h" />
    <ClInclude Include="InputManager.h" />
    <ClInclude Include="Light.h" />
    <ClInclude Include="LightData.h" />
    <ClInclude Include="Mesh.h" />
    <ClInclude Include="Physics.h" />
    <ClInclude Include="PointLight.h" />
    <ClInclude Include="Renderer.h" />
    <ClInclude Include="Renderer3D.h" />
    <ClInclude Include="Rigidbody.h" />
    <ClInclude Include="SceneObject.h" />
    <ClInclude Include="Shader.h" />
    <ClInclude Include="ShaderData.h" />
    <ClInclude Include="SphereCollider.h" />
    <ClInclude Include="SpotLight.h" />
    <ClInclude Include="TextRendering.h" />
    <ClInclude Include="Texture.h" />
    <ClInclude Include="Transform.h" />
    <ClInclude Include="VertexArray.h" />
    <ClInclude Include="VertexBuffer.h" />
    <ClInclude Include="resource.h" />
  </ItemGroup>
  <ItemGroup>
    <ClCompile Include="AABBCollider.cpp" />
    <ClCompile Include="Callbacks.cpp" />
    <ClCompile Include="Camera.cpp" />
    <ClCompile Include="Collider.cpp" />
    <ClCompile Include="Component.cpp" />
    <ClCompile Include="ConsoleLogging.cpp" />
    <ClCompile Include="Conversion.cpp" />
    <ClCompile Include="DirectionalLight.cpp" />
    <ClCompile Include="EMath.cpp" />
    <ClCompile Include="ETime.cpp" />
    <ClCompile Include="ElementBuffer.cpp" />
    <ClCompile Include="Engine.cpp" />
    <ClCompile Include="EngineData.cpp" />
    <ClCompile Include="GLErrors.cpp" />
    <ClCompile Include="InputManager.cpp" />
    <ClCompile Include="Light.cpp" />
    <ClCompile Include="Mesh.cpp" />
    <ClCompile Include="Physics.cpp" />
    <ClCompile Include="PointLight.cpp" />
    <ClCompile Include="Renderer.cpp" />
    <ClCompile Include="Renderer3D.cpp" />
    <ClCompile Include="Rigidbody.cpp" />
    <ClCompile Include="SceneObject.cpp" />
    <ClCompile Include="Shader.cpp" />
    <ClCompile Include="SphereCollider.cpp" />
    <ClCompile Include="SpotLight.cpp" />
    <ClCompile Include="TextRendering.cpp" />
    <ClCompile Include="Texture.cpp" />
    <ClCompile Include="Transform.cpp" />
    <ClCompile Include="VertexArray.cpp" />
    <ClCompile Include="VertexBuffer.cpp" />
    <ClCompile Include="stb.cpp" />
  </ItemGroup>
</Project>