<?xml version="1.0" encoding="utf-8"?>
<Project ToolsVersion="4.0" xmlns="http://schemas.microsoft.com/developer/msbuild/2003">
  <ItemGroup>
    <Filter Include="Source Files">
      <UniqueIdentifier>{4FC737F1-C7A5-4376-A066-2A32D752A2FF}</UniqueIdentifier>
      <Extensions>cpp;c;cc;cxx;c++;cppm;ixx;def;odl;idl;hpj;bat;asm;asmx</Extensions>
    </Filter>
    <Filter Include="Header Files">
      <UniqueIdentifier>{93995380-89BD-4b04-88EB-625FBE52EBFB}</UniqueIdentifier>
      <Extensions>h;hh;hpp;hxx;h++;hm;inl;inc;ipp;xsd</Extensions>
    </Filter>
    <Filter Include="Resource Files">
      <UniqueIdentifier>{67DA6AB6-F800-4c08-8B7A-83BB121AAD01}</UniqueIdentifier>
      <Extensions>rc;ico;cur;bmp;dlg;rc2;rct;bin;rgs;gif;jpg;jpeg;jpe;resx;tiff;tif;png;wav;mfcribbon-ms</Extensions>
    </Filter>
    <Filter Include="Source Files\OpenGL Rendering">
      <UniqueIdentifier>{aebfec03-a7a5-4e79-a58b-e4f7cfa4bc51}</UniqueIdentifier>
    </Filter>
    <Filter Include="Header Files\OpenGL Rendering">
      <UniqueIdentifier>{14b637c8-22bd-4ffe-8e1f-77bf619101a7}</UniqueIdentifier>
    </Filter>
    <Filter Include="Resource Files\Shaders">
      <UniqueIdentifier>{e8ea52cc-b6c0-4e0f-ada2-ec7f7a213302}</UniqueIdentifier>
    </Filter>
    <Filter Include="Resource Files\Textures">
      <UniqueIdentifier>{f95c7fd9-f55d-4a95-b894-28b05a3d1f6d}</UniqueIdentifier>
    </Filter>
    <Filter Include="Resource Files\Shaders\Includes">
      <UniqueIdentifier>{57ea61a5-9f42-4a9c-868a-fbf5e7c7ce82}</UniqueIdentifier>
    </Filter>
  </ItemGroup>
  <ItemGroup>
    <ClInclude Include="Camera.h">
      <Filter>Header Files</Filter>
    </ClInclude>
    <ClInclude Include="SceneObject.h">
      <Filter>Header Files</Filter>
    </ClInclude>
    <ClInclude Include="Component.h">
      <Filter>Header Files</Filter>
    </ClInclude>
    <ClInclude Include="Transform.h">
      <Filter>Header Files</Filter>
    </ClInclude>
    <ClInclude Include="Renderer3D.h">
      <Filter>Header Files</Filter>
    </ClInclude>
    <ClInclude Include="Mesh.h">
      <Filter>Header Files</Filter>
    </ClInclude>
    <ClInclude Include="ElementBuffer.h">
      <Filter>Header Files\OpenGL Rendering</Filter>
    </ClInclude>
    <ClInclude Include="Main.h">
      <Filter>Header Files\OpenGL Rendering</Filter>
    </ClInclude>
    <ClInclude Include="Shader.h">
      <Filter>Header Files\OpenGL Rendering</Filter>
    </ClInclude>
    <ClInclude Include="VertexArray.h">
      <Filter>Header Files\OpenGL Rendering</Filter>
    </ClInclude>
    <ClInclude Include="VertexBuffer.h">
      <Filter>Header Files\OpenGL Rendering</Filter>
    </ClInclude>
    <ClInclude Include="Defs.h">
      <Filter>Header Files</Filter>
    </ClInclude>
    <ClInclude Include="Texture.h">
      <Filter>Header Files\OpenGL Rendering</Filter>
    </ClInclude>
    <ClInclude Include="LightData.h">
      <Filter>Header Files\OpenGL Rendering</Filter>
    </ClInclude>
    <ClInclude Include="PointLight.h">
      <Filter>Header Files</Filter>
    </ClInclude>
    <ClInclude Include="SpotLight.h">
      <Filter>Header Files</Filter>
    </ClInclude>
    <ClInclude Include="Event.h">
      <Filter>Header Files</Filter>
    </ClInclude>
  </ItemGroup>
  <ItemGroup>
    <ClCompile Include="Camera.cpp">
      <Filter>Source Files</Filter>
    </ClCompile>
    <ClCompile Include="Component.cpp">
      <Filter>Source Files</Filter>
    </ClCompile>
    <ClCompile Include="Transform.cpp">
      <Filter>Source Files</Filter>
    </ClCompile>
    <ClCompile Include="SceneObject.cpp">
      <Filter>Source Files</Filter>
    </ClCompile>
    <ClCompile Include="Renderer3D.cpp">
      <Filter>Source Files</Filter>
    </ClCompile>
    <ClCompile Include="Mesh.cpp">
      <Filter>Source Files</Filter>
    </ClCompile>
    <ClCompile Include="ElementBuffer.cpp">
      <Filter>Source Files\OpenGL Rendering</Filter>
    </ClCompile>
    <ClCompile Include="Main.cpp">
      <Filter>Source Files\OpenGL Rendering</Filter>
    </ClCompile>
    <ClCompile Include="Shader.cpp">
      <Filter>Source Files\OpenGL Rendering</Filter>
    </ClCompile>
    <ClCompile Include="VertexArray.cpp">
      <Filter>Source Files\OpenGL Rendering</Filter>
    </ClCompile>
    <ClCompile Include="VertexBuffer.cpp">
      <Filter>Source Files\OpenGL Rendering</Filter>
    </ClCompile>
    <ClCompile Include="stb.cpp">
      <Filter>Source Files</Filter>
    </ClCompile>
    <ClCompile Include="Light.h">
      <Filter>Header Files</Filter>
    </ClCompile>
    <ClCompile Include="Light.cpp">
      <Filter>Source Files</Filter>
    </ClCompile>
    <ClCompile Include="DirectionalLight.h">
      <Filter>Header Files</Filter>
    </ClCompile>
    <ClCompile Include="DirectionalLight.cpp">
      <Filter>Source Files</Filter>
    </ClCompile>
    <ClCompile Include="PointLight.cpp">
      <Filter>Source Files</Filter>
    </ClCompile>
    <ClCompile Include="Texture.cpp">
      <Filter>Source Files\OpenGL Rendering</Filter>
    </ClCompile>
    <ClCompile Include="SpotLight.cpp">
      <Filter>Source Files</Filter>
    </ClCompile>
  </ItemGroup>
  <ItemGroup>
    <None Include="cpp.hint" />
    <None Include="default.frag">
      <Filter>Resource Files\Shaders</Filter>
    </None>
    <None Include="default.vert">
      <Filter>Resource Files\Shaders</Filter>
    </None>
  </ItemGroup>
  <ItemGroup>
    <Image Include="brick.png">
      <Filter>Resource Files\Textures</Filter>
    </Image>
  </ItemGroup>
  <ItemGroup>
    <Text Include="LightData.glsl">
      <Filter>Resource Files\Shaders\Includes</Filter>
    </Text>
  </ItemGroup>
</Project>